
Microsoft Visual Studio Solution File, Format Version 12.00
Project("{2150E333-8FDC-42A3-9474-1A3956D46DE8}") = "Solution Files", "Solution Files", "{48413F35-E451-45B3-A397-03BD71517500}"
	ProjectSection(SolutionItems) = preProject
		.gitignore = .gitignore
		Makefile = Makefile
		README.md = README.md
	EndProjectSection
EndProject
Project("{FAE04EC0-301F-11D3-BF4B-00C04F79EFBC}") = "Core", "src\Core\Core.csproj", "{8E35E323-9B6A-42B4-9F87-D386BAF723E9}"
EndProject
Project("{FAE04EC0-301F-11D3-BF4B-00C04F79EFBC}") = "Data", "src\Data\Data.csproj", "{E10EC218-4165-4675-B7BA-CD2239C5CBC2}"
EndProject
Project("{FAE04EC0-301F-11D3-BF4B-00C04F79EFBC}") = "API", "src\API\API.csproj", "{970E1600-7BD7-474D-AC43-DEC58B0F5F0C}"
EndProject
Global
	GlobalSection(SolutionConfigurationPlatforms) = preSolution
		Debug|Any CPU = Debug|Any CPU
		Release|Any CPU = Release|Any CPU
	EndGlobalSection
	GlobalSection(ProjectConfigurationPlatforms) = postSolution
		{8E35E323-9B6A-42B4-9F87-D386BAF723E9}.Debug|Any CPU.ActiveCfg = Debug|Any CPU
		{8E35E323-9B6A-42B4-9F87-D386BAF723E9}.Debug|Any CPU.Build.0 = Debug|Any CPU
		{8E35E323-9B6A-42B4-9F87-D386BAF723E9}.Release|Any CPU.ActiveCfg = Release|Any CPU
		{8E35E323-9B6A-42B4-9F87-D386BAF723E9}.Release|Any CPU.Build.0 = Release|Any CPU
		{E10EC218-4165-4675-B7BA-CD2239C5CBC2}.Debug|Any CPU.ActiveCfg = Debug|Any CPU
		{E10EC218-4165-4675-B7BA-CD2239C5CBC2}.Debug|Any CPU.Build.0 = Debug|Any CPU
		{E10EC218-4165-4675-B7BA-CD2239C5CBC2}.Release|Any CPU.ActiveCfg = Release|Any CPU
		{E10EC218-4165-4675-B7BA-CD2239C5CBC2}.Release|Any CPU.Build.0 = Release|Any CPU
		{970E1600-7BD7-474D-AC43-DEC58B0F5F0C}.Debug|Any CPU.ActiveCfg = Debug|Any CPU
		{970E1600-7BD7-474D-AC43-DEC58B0F5F0C}.Debug|Any CPU.Build.0 = Debug|Any CPU
		{970E1600-7BD7-474D-AC43-DEC58B0F5F0C}.Release|Any CPU.ActiveCfg = Release|Any CPU
		{970E1600-7BD7-474D-AC43-DEC58B0F5F0C}.Release|Any CPU.Build.0 = Release|Any CPU
	EndGlobalSection
	GlobalSection(NestedProjects) = preSolution
	EndGlobalSection
EndGlobal
